// !$*UTF8*$!
{
	archiveVersion = 1;
	classes = {
	};
	objectVersion = 56;
	objects = {

/* Begin PBXBuildFile section */
		D036003A2B828D5C00F89053 /* NavBarController.swift in Sources */ = {isa = PBXBuildFile; fileRef = D03600392B828D5C00F89053 /* NavBarController.swift */; };
		D036003E2B82919300F89053 /* BaseController.swift in Sources */ = {isa = PBXBuildFile; fileRef = D036003D2B82919300F89053 /* BaseController.swift */; };
		D03600402B82948E00F89053 /* UiView + extention.swift in Sources */ = {isa = PBXBuildFile; fileRef = D036003F2B82948E00F89053 /* UiView + extention.swift */; };
		D096CF902B741473008FCF5E /* AppDelegate.swift in Sources */ = {isa = PBXBuildFile; fileRef = D096CF8F2B741473008FCF5E /* AppDelegate.swift */; };
		D096CF922B741473008FCF5E /* SceneDelegate.swift in Sources */ = {isa = PBXBuildFile; fileRef = D096CF912B741473008FCF5E /* SceneDelegate.swift */; };
		D096CF942B741473008FCF5E /* OverviewController.swift in Sources */ = {isa = PBXBuildFile; fileRef = D096CF932B741473008FCF5E /* OverviewController.swift */; };
		D096CF992B741475008FCF5E /* Assets.xcassets in Resources */ = {isa = PBXBuildFile; fileRef = D096CF982B741475008FCF5E /* Assets.xcassets */; };
		D096CF9C2B741475008FCF5E /* LaunchScreen.storyboard in Resources */ = {isa = PBXBuildFile; fileRef = D096CF9A2B741475008FCF5E /* LaunchScreen.storyboard */; };
		D096CFA72B741A42008FCF5E /* TabBarController.swift in Sources */ = {isa = PBXBuildFile; fileRef = D096CFA62B741A42008FCF5E /* TabBarController.swift */; };
		D096CFAA2B741BD8008FCF5E /* UIColor + extention.swift in Sources */ = {isa = PBXBuildFile; fileRef = D096CFA92B741BD8008FCF5E /* UIColor + extention.swift */; };
		D096CFAD2B741C96008FCF5E /* Resources.swift in Sources */ = {isa = PBXBuildFile; fileRef = D096CFAC2B741C96008FCF5E /* Resources.swift */; };
/* End PBXBuildFile section */

/* Begin PBXFileReference section */
		D03600392B828D5C00F89053 /* NavBarController.swift */ = {isa = PBXFileReference; lastKnownFileType = sourcecode.swift; path = NavBarController.swift; sourceTree = "<group>"; };
		D036003D2B82919300F89053 /* BaseController.swift */ = {isa = PBXFileReference; lastKnownFileType = sourcecode.swift; path = BaseController.swift; sourceTree = "<group>"; };
		D036003F2B82948E00F89053 /* UiView + extention.swift */ = {isa = PBXFileReference; lastKnownFileType = sourcecode.swift; path = "UiView + extention.swift"; sourceTree = "<group>"; };
		D096CF8C2B741473008FCF5E /* WorkoutApp.app */ = {isa = PBXFileReference; explicitFileType = wrapper.application; includeInIndex = 0; path = WorkoutApp.app; sourceTree = BUILT_PRODUCTS_DIR; };
		D096CF8F2B741473008FCF5E /* AppDelegate.swift */ = {isa = PBXFileReference; lastKnownFileType = sourcecode.swift; path = AppDelegate.swift; sourceTree = "<group>"; };
		D096CF912B741473008FCF5E /* SceneDelegate.swift */ = {isa = PBXFileReference; lastKnownFileType = sourcecode.swift; path = SceneDelegate.swift; sourceTree = "<group>"; };
		D096CF932B741473008FCF5E /* OverviewController.swift */ = {isa = PBXFileReference; lastKnownFileType = sourcecode.swift; path = OverviewController.swift; sourceTree = "<group>"; };
		D096CF982B741475008FCF5E /* Assets.xcassets */ = {isa = PBXFileReference; lastKnownFileType = folder.assetcatalog; path = Assets.xcassets; sourceTree = "<group>"; };
		D096CF9B2B741475008FCF5E /* Base */ = {isa = PBXFileReference; lastKnownFileType = file.storyboard; name = Base; path = Base.lproj/LaunchScreen.storyboard; sourceTree = "<group>"; };
		D096CF9D2B741475008FCF5E /* Info.plist */ = {isa = PBXFileReference; lastKnownFileType = text.plist.xml; path = Info.plist; sourceTree = "<group>"; };
		D096CFA62B741A42008FCF5E /* TabBarController.swift */ = {isa = PBXFileReference; lastKnownFileType = sourcecode.swift; path = TabBarController.swift; sourceTree = "<group>"; };
		D096CFA92B741BD8008FCF5E /* UIColor + extention.swift */ = {isa = PBXFileReference; lastKnownFileType = sourcecode.swift; path = "UIColor + extention.swift"; sourceTree = "<group>"; };
		D096CFAC2B741C96008FCF5E /* Resources.swift */ = {isa = PBXFileReference; lastKnownFileType = sourcecode.swift; path = Resources.swift; sourceTree = "<group>"; };
/* End PBXFileReference section */

/* Begin PBXFrameworksBuildPhase section */
		D096CF892B741473008FCF5E /* Frameworks */ = {
			isa = PBXFrameworksBuildPhase;
			buildActionMask = 2147483647;
			files = (
			);
			runOnlyForDeploymentPostprocessing = 0;
		};
/* End PBXFrameworksBuildPhase section */

/* Begin PBXGroup section */
		D036003B2B82915100F89053 /* New Group */ = {
			isa = PBXGroup;
			children = (
			);
			path = "New Group";
			sourceTree = "<group>";
		};
		D036003C2B82916200F89053 /* Controllers */ = {
			isa = PBXGroup;
			children = (
				D03600452B82989A00F89053 /* Settings */,
				D03600442B82988100F89053 /* Progress */,
				D03600432B82987400F89053 /* Session */,
				D03600422B82985800F89053 /* Overview */,
				D03600412B82983C00F89053 /* Base */,
			);
			path = Controllers;
			sourceTree = "<group>";
		};
		D03600412B82983C00F89053 /* Base */ = {
			isa = PBXGroup;
			children = (
				D096CFA62B741A42008FCF5E /* TabBarController.swift */,
				D03600392B828D5C00F89053 /* NavBarController.swift */,
				D036003D2B82919300F89053 /* BaseController.swift */,
			);
			path = Base;
			sourceTree = "<group>";
		};
		D03600422B82985800F89053 /* Overview */ = {
			isa = PBXGroup;
			children = (
			);
			path = Overview;
			sourceTree = "<group>";
		};
		D03600432B82987400F89053 /* Session */ = {
			isa = PBXGroup;
			children = (
			);
			path = Session;
			sourceTree = "<group>";
		};
		D03600442B82988100F89053 /* Progress */ = {
			isa = PBXGroup;
			children = (
			);
			path = Progress;
			sourceTree = "<group>";
		};
		D03600452B82989A00F89053 /* Settings */ = {
			isa = PBXGroup;
			children = (
			);
			path = Settings;
			sourceTree = "<group>";
		};
		D096CF832B741473008FCF5E = {
			isa = PBXGroup;
			children = (
				D096CF8E2B741473008FCF5E /* WorkoutApp */,
				D096CF8D2B741473008FCF5E /* Products */,
			);
			sourceTree = "<group>";
		};
		D096CF8D2B741473008FCF5E /* Products */ = {
			isa = PBXGroup;
			children = (
				D096CF8C2B741473008FCF5E /* WorkoutApp.app */,
			);
			name = Products;
			sourceTree = "<group>";
		};
		D096CF8E2B741473008FCF5E /* WorkoutApp */ = {
			isa = PBXGroup;
			children = (
				D096CFA82B741B9B008FCF5E /* Helpers */,
				D096CFA42B741591008FCF5E /* Application */,
				D096CF932B741473008FCF5E /* OverviewController.swift */,
				D036003C2B82916200F89053 /* Controllers */,
				D036003B2B82915100F89053 /* New Group */,
				D096CFA52B7415C3008FCF5E /* SupportingFiles */,
			);
			path = WorkoutApp;
			sourceTree = "<group>";
		};
		D096CFA42B741591008FCF5E /* Application */ = {
			isa = PBXGroup;
			children = (
				D096CF8F2B741473008FCF5E /* AppDelegate.swift */,
				D096CF912B741473008FCF5E /* SceneDelegate.swift */,
			);
			path = Application;
			sourceTree = "<group>";
		};
		D096CFA52B7415C3008FCF5E /* SupportingFiles */ = {
			isa = PBXGroup;
			children = (
				D096CF982B741475008FCF5E /* Assets.xcassets */,
				D096CF9A2B741475008FCF5E /* LaunchScreen.storyboard */,
				D096CF9D2B741475008FCF5E /* Info.plist */,
			);
			path = SupportingFiles;
			sourceTree = "<group>";
		};
		D096CFA82B741B9B008FCF5E /* Helpers */ = {
			isa = PBXGroup;
			children = (
				D096CFAB2B741BF1008FCF5E /* Extentions */,
				D096CFAC2B741C96008FCF5E /* Resources.swift */,
			);
			path = Helpers;
			sourceTree = "<group>";
		};
		D096CFAB2B741BF1008FCF5E /* Extentions */ = {
			isa = PBXGroup;
			children = (
				D096CFA92B741BD8008FCF5E /* UIColor + extention.swift */,
				D036003F2B82948E00F89053 /* UiView + extention.swift */,
			);
			path = Extentions;
			sourceTree = "<group>";
		};
/* End PBXGroup section */

/* Begin PBXNativeTarget section */
		D096CF8B2B741473008FCF5E /* WorkoutApp */ = {
			isa = PBXNativeTarget;
			buildConfigurationList = D096CFA02B741475008FCF5E /* Build configuration list for PBXNativeTarget "WorkoutApp" */;
			buildPhases = (
				D096CF882B741473008FCF5E /* Sources */,
				D096CF892B741473008FCF5E /* Frameworks */,
				D096CF8A2B741473008FCF5E /* Resources */,
			);
			buildRules = (
			);
			dependencies = (
			);
			name = WorkoutApp;
			productName = WorkoutApp;
			productReference = D096CF8C2B741473008FCF5E /* WorkoutApp.app */;
			productType = "com.apple.product-type.application";
		};
/* End PBXNativeTarget section */

/* Begin PBXProject section */
		D096CF842B741473008FCF5E /* Project object */ = {
			isa = PBXProject;
			attributes = {
				BuildIndependentTargetsInParallel = 1;
				LastSwiftUpdateCheck = 1510;
				LastUpgradeCheck = 1510;
				TargetAttributes = {
					D096CF8B2B741473008FCF5E = {
						CreatedOnToolsVersion = 15.1;
					};
				};
			};
			buildConfigurationList = D096CF872B741473008FCF5E /* Build configuration list for PBXProject "WorkoutApp" */;
			compatibilityVersion = "Xcode 14.0";
			developmentRegion = en;
			hasScannedForEncodings = 0;
			knownRegions = (
				en,
				Base,
			);
			mainGroup = D096CF832B741473008FCF5E;
			productRefGroup = D096CF8D2B741473008FCF5E /* Products */;
			projectDirPath = "";
			projectRoot = "";
			targets = (
				D096CF8B2B741473008FCF5E /* WorkoutApp */,
			);
		};
/* End PBXProject section */

/* Begin PBXResourcesBuildPhase section */
		D096CF8A2B741473008FCF5E /* Resources */ = {
			isa = PBXResourcesBuildPhase;
			buildActionMask = 2147483647;
			files = (
				D096CF9C2B741475008FCF5E /* LaunchScreen.storyboard in Resources */,
				D096CF992B741475008FCF5E /* Assets.xcassets in Resources */,
			);
			runOnlyForDeploymentPostprocessing = 0;
		};
/* End PBXResourcesBuildPhase section */

/* Begin PBXSourcesBuildPhase section */
		D096CF882B741473008FCF5E /* Sources */ = {
			isa = PBXSourcesBuildPhase;
			buildActionMask = 2147483647;
			files = (
				D096CFAA2B741BD8008FCF5E /* UIColor + extention.swift in Sources */,
				D096CF942B741473008FCF5E /* OverviewController.swift in Sources */,
				D096CFA72B741A42008FCF5E /* TabBarController.swift in Sources */,
				D03600402B82948E00F89053 /* UiView + extention.swift in Sources */,
				D096CF902B741473008FCF5E /* AppDelegate.swift in Sources */,
				D096CFAD2B741C96008FCF5E /* Resources.swift in Sources */,
				D096CF922B741473008FCF5E /* SceneDelegate.swift in Sources */,
				D036003E2B82919300F89053 /* BaseController.swift in Sources */,
				D036003A2B828D5C00F89053 /* NavBarController.swift in Sources */,
			);
			runOnlyForDeploymentPostprocessing = 0;
		};
/* End PBXSourcesBuildPhase section */

/* Begin PBXVariantGroup section */
		D096CF9A2B741475008FCF5E /* LaunchScreen.storyboard */ = {
			isa = PBXVariantGroup;
			children = (
				D096CF9B2B741475008FCF5E /* Base */,
			);
			name = LaunchScreen.storyboard;
			sourceTree = "<group>";
		};
/* End PBXVariantGroup section */

/* Begin XCBuildConfiguration section */
		D096CF9E2B741475008FCF5E /* Debug */ = {
			isa = XCBuildConfiguration;
			buildSettings = {
				ALWAYS_SEARCH_USER_PATHS = NO;
				ASSETCATALOG_COMPILER_GENERATE_SWIFT_ASSET_SYMBOL_EXTENSIONS = YES;
				CLANG_ANALYZER_NONNULL = YES;
				CLANG_ANALYZER_NUMBER_OBJECT_CONVERSION = YES_AGGRESSIVE;
				CLANG_CXX_LANGUAGE_STANDARD = "gnu++20";
				CLANG_ENABLE_MODULES = YES;
				CLANG_ENABLE_OBJC_ARC = YES;
				CLANG_ENABLE_OBJC_WEAK = YES;
				CLANG_WARN_BLOCK_CAPTURE_AUTORELEASING = YES;
				CLANG_WARN_BOOL_CONVERSION = YES;
				CLANG_WARN_COMMA = YES;
				CLANG_WARN_CONSTANT_CONVERSION = YES;
				CLANG_WARN_DEPRECATED_OBJC_IMPLEMENTATIONS = YES;
				CLANG_WARN_DIRECT_OBJC_ISA_USAGE = YES_ERROR;
				CLANG_WARN_DOCUMENTATION_COMMENTS = YES;
				CLANG_WARN_EMPTY_BODY = YES;
				CLANG_WARN_ENUM_CONVERSION = YES;
				CLANG_WARN_INFINITE_RECURSION = YES;
				CLANG_WARN_INT_CONVERSION = YES;
				CLANG_WARN_NON_LITERAL_NULL_CONVERSION = YES;
				CLANG_WARN_OBJC_IMPLICIT_RETAIN_SELF = YES;
				CLANG_WARN_OBJC_LITERAL_CONVERSION = YES;
				CLANG_WARN_OBJC_ROOT_CLASS = YES_ERROR;
				CLANG_WARN_QUOTED_INCLUDE_IN_FRAMEWORK_HEADER = YES;
				CLANG_WARN_RANGE_LOOP_ANALYSIS = YES;
				CLANG_WARN_STRICT_PROTOTYPES = YES;
				CLANG_WARN_SUSPICIOUS_MOVE = YES;
				CLANG_WARN_UNGUARDED_AVAILABILITY = YES_AGGRESSIVE;
				CLANG_WARN_UNREACHABLE_CODE = YES;
				CLANG_WARN__DUPLICATE_METHOD_MATCH = YES;
				COPY_PHASE_STRIP = NO;
				DEBUG_INFORMATION_FORMAT = dwarf;
				ENABLE_STRICT_OBJC_MSGSEND = YES;
				ENABLE_TESTABILITY = YES;
				ENABLE_USER_SCRIPT_SANDBOXING = YES;
				GCC_C_LANGUAGE_STANDARD = gnu17;
				GCC_DYNAMIC_NO_PIC = NO;
				GCC_NO_COMMON_BLOCKS = YES;
				GCC_OPTIMIZATION_LEVEL = 0;
				GCC_PREPROCESSOR_DEFINITIONS = (
					"DEBUG=1",
					"$(inherited)",
				);
				GCC_WARN_64_TO_32_BIT_CONVERSION = YES;
				GCC_WARN_ABOUT_RETURN_TYPE = YES_ERROR;
				GCC_WARN_UNDECLARED_SELECTOR = YES;
				GCC_WARN_UNINITIALIZED_AUTOS = YES_AGGRESSIVE;
				GCC_WARN_UNUSED_FUNCTION = YES;
				GCC_WARN_UNUSED_VARIABLE = YES;
				IPHONEOS_DEPLOYMENT_TARGET = 17.2;
				LOCALIZATION_PREFERS_STRING_CATALOGS = YES;
				MTL_ENABLE_DEBUG_INFO = INCLUDE_SOURCE;
				MTL_FAST_MATH = YES;
				ONLY_ACTIVE_ARCH = YES;
				SDKROOT = iphoneos;
				SWIFT_ACTIVE_COMPILATION_CONDITIONS = "DEBUG $(inherited)";
				SWIFT_OPTIMIZATION_LEVEL = "-Onone";
			};
			name = Debug;
		};
		D096CF9F2B741475008FCF5E /* Release */ = {
			isa = XCBuildConfiguration;
			buildSettings = {
				ALWAYS_SEARCH_USER_PATHS = NO;
				ASSETCATALOG_COMPILER_GENERATE_SWIFT_ASSET_SYMBOL_EXTENSIONS = YES;
				CLANG_ANALYZER_NONNULL = YES;
				CLANG_ANALYZER_NUMBER_OBJECT_CONVERSION = YES_AGGRESSIVE;
				CLANG_CXX_LANGUAGE_STANDARD = "gnu++20";
				CLANG_ENABLE_MODULES = YES;
				CLANG_ENABLE_OBJC_ARC = YES;
				CLANG_ENABLE_OBJC_WEAK = YES;
				CLANG_WARN_BLOCK_CAPTURE_AUTORELEASING = YES;
				CLANG_WARN_BOOL_CONVERSION = YES;
				CLANG_WARN_COMMA = YES;
				CLANG_WARN_CONSTANT_CONVERSION = YES;
				CLANG_WARN_DEPRECATED_OBJC_IMPLEMENTATIONS = YES;
				CLANG_WARN_DIRECT_OBJC_ISA_USAGE = YES_ERROR;
				CLANG_WARN_DOCUMENTATION_COMMENTS = YES;
				CLANG_WARN_EMPTY_BODY = YES;
				CLANG_WARN_ENUM_CONVERSION = YES;
				CLANG_WARN_INFINITE_RECURSION = YES;
				CLANG_WARN_INT_CONVERSION = YES;
				CLANG_WARN_NON_LITERAL_NULL_CONVERSION = YES;
				CLANG_WARN_OBJC_IMPLICIT_RETAIN_SELF = YES;
				CLANG_WARN_OBJC_LITERAL_CONVERSION = YES;
				CLANG_WARN_OBJC_ROOT_CLASS = YES_ERROR;
				CLANG_WARN_QUOTED_INCLUDE_IN_FRAMEWORK_HEADER = YES;
				CLANG_WARN_RANGE_LOOP_ANALYSIS = YES;
				CLANG_WARN_STRICT_PROTOTYPES = YES;
				CLANG_WARN_SUSPICIOUS_MOVE = YES;
				CLANG_WARN_UNGUARDED_AVAILABILITY = YES_AGGRESSIVE;
				CLANG_WARN_UNREACHABLE_CODE = YES;
				CLANG_WARN__DUPLICATE_METHOD_MATCH = YES;
				COPY_PHASE_STRIP = NO;
				DEBUG_INFORMATION_FORMAT = "dwarf-with-dsym";
				ENABLE_NS_ASSERTIONS = NO;
				ENABLE_STRICT_OBJC_MSGSEND = YES;
				ENABLE_USER_SCRIPT_SANDBOXING = YES;
				GCC_C_LANGUAGE_STANDARD = gnu17;
				GCC_NO_COMMON_BLOCKS = YES;
				GCC_WARN_64_TO_32_BIT_CONVERSION = YES;
				GCC_WARN_ABOUT_RETURN_TYPE = YES_ERROR;
				GCC_WARN_UNDECLARED_SELECTOR = YES;
				GCC_WARN_UNINITIALIZED_AUTOS = YES_AGGRESSIVE;
				GCC_WARN_UNUSED_FUNCTION = YES;
				GCC_WARN_UNUSED_VARIABLE = YES;
				IPHONEOS_DEPLOYMENT_TARGET = 17.2;
				LOCALIZATION_PREFERS_STRING_CATALOGS = YES;
				MTL_ENABLE_DEBUG_INFO = NO;
				MTL_FAST_MATH = YES;
				SDKROOT = iphoneos;
				SWIFT_COMPILATION_MODE = wholemodule;
				VALIDATE_PRODUCT = YES;
			};
			name = Release;
		};
		D096CFA12B741475008FCF5E /* Debug */ = {
			isa = XCBuildConfiguration;
			buildSettings = {
				ASSETCATALOG_COMPILER_APPICON_NAME = AppIcon;
				ASSETCATALOG_COMPILER_GLOBAL_ACCENT_COLOR_NAME = AccentColor;
				CODE_SIGN_STYLE = Automatic;
				CURRENT_PROJECT_VERSION = 1;
				DEVELOPMENT_TEAM = ZPVKFVD8X7;
				GENERATE_INFOPLIST_FILE = YES;
				INFOPLIST_FILE = WorkoutApp/SupportingFiles/Info.plist;
				INFOPLIST_KEY_UIApplicationSupportsIndirectInputEvents = YES;
				INFOPLIST_KEY_UILaunchStoryboardName = LaunchScreen;
				INFOPLIST_KEY_UISupportedInterfaceOrientations = UIInterfaceOrientationPortrait;
				LD_RUNPATH_SEARCH_PATHS = (
					"$(inherited)",
					"@executable_path/Frameworks",
				);
				MARKETING_VERSION = 1.0;
				PRODUCT_BUNDLE_IDENTIFIER = com.vryabtsev.WorkoutApp;
				PRODUCT_NAME = "$(TARGET_NAME)";
				SWIFT_EMIT_LOC_STRINGS = YES;
				SWIFT_VERSION = 5.0;
				TARGETED_DEVICE_FAMILY = "1,2";
			};
			name = Debug;
		};
		D096CFA22B741475008FCF5E /* Release */ = {
			isa = XCBuildConfiguration;
			buildSettings = {
				ASSETCATALOG_COMPILER_APPICON_NAME = AppIcon;
				ASSETCATALOG_COMPILER_GLOBAL_ACCENT_COLOR_NAME = AccentColor;
				CODE_SIGN_STYLE = Automatic;
				CURRENT_PROJECT_VERSION = 1;
				DEVELOPMENT_TEAM = ZPVKFVD8X7;
				GENERATE_INFOPLIST_FILE = YES;
				INFOPLIST_FILE = WorkoutApp/SupportingFiles/Info.plist;
				INFOPLIST_KEY_UIApplicationSupportsIndirectInputEvents = YES;
				INFOPLIST_KEY_UILaunchStoryboardName = LaunchScreen;
				INFOPLIST_KEY_UISupportedInterfaceOrientations = UIInterfaceOrientationPortrait;
				LD_RUNPATH_SEARCH_PATHS = (
					"$(inherited)",
					"@executable_path/Frameworks",
				);
				MARKETING_VERSION = 1.0;
				PRODUCT_BUNDLE_IDENTIFIER = com.vryabtsev.WorkoutApp;
				PRODUCT_NAME = "$(TARGET_NAME)";
				SWIFT_EMIT_LOC_STRINGS = YES;
				SWIFT_VERSION = 5.0;
				TARGETED_DEVICE_FAMILY = "1,2";
			};
			name = Release;
		};
/* End XCBuildConfiguration section */

/* Begin XCConfigurationList section */
		D096CF872B741473008FCF5E /* Build configuration list for PBXProject "WorkoutApp" */ = {
			isa = XCConfigurationList;
			buildConfigurations = (
				D096CF9E2B741475008FCF5E /* Debug */,
				D096CF9F2B741475008FCF5E /* Release */,
			);
			defaultConfigurationIsVisible = 0;
			defaultConfigurationName = Release;
		};
		D096CFA02B741475008FCF5E /* Build configuration list for PBXNativeTarget "WorkoutApp" */ = {
			isa = XCConfigurationList;
			buildConfigurations = (
				D096CFA12B741475008FCF5E /* Debug */,
				D096CFA22B741475008FCF5E /* Release */,
			);
			defaultConfigurationIsVisible = 0;
			defaultConfigurationName = Release;
		};
/* End XCConfigurationList section */
	};
	rootObject = D096CF842B741473008FCF5E /* Project object */;
}
